
Microsoft Visual Studio Solution File, Format Version 12.00
# Visual Studio 15
VisualStudioVersion = 15.0.27703.2047
MinimumVisualStudioVersion = 10.0.40219.1
Project("{FAE04EC0-301F-11D3-BF4B-00C04F79EFBC}") = "SimpleListBoxWpfApp", "SimpleListBoxWpfApp\SimpleListBoxWpfApp.csproj", "{55DD9407-55C2-4A34-A2E3-E78C9B56F080}"
EndProject
Project("{FAE04EC0-301F-11D3-BF4B-00C04F79EFBC}") = "CodeRayWpfLib", "CodeRayWpfLib\CodeRayWpfLib.csproj", "{7355FD79-6EF1-483F-843E-85AFC6008C65}"
EndProject
Global
	GlobalSection(SolutionConfigurationPlatforms) = preSolution
		Debug|Any CPU = Debug|Any CPU
		Release|Any CPU = Release|Any CPU
	EndGlobalSection
	GlobalSection(ProjectConfigurationPlatforms) = postSolution
		{55DD9407-55C2-4A34-A2E3-E78C9B56F080}.Debug|Any CPU.ActiveCfg = Debug|Any CPU
		{55DD9407-55C2-4A34-A2E3-E78C9B56F080}.Debug|Any CPU.Build.0 = Debug|Any CPU
		{55DD9407-55C2-4A34-A2E3-E78C9B56F080}.Release|Any CPU.ActiveCfg = Release|Any CPU
		{55DD9407-55C2-4A34-A2E3-E78C9B56F080}.Release|Any CPU.Build.0 = Release|Any CPU
		{7355FD79-6EF1-483F-843E-85AFC6008C65}.Debug|Any CPU.ActiveCfg = Debug|Any CPU
		{7355FD79-6EF1-483F-843E-85AFC6008C65}.Debug|Any CPU.Build.0 = Debug|Any CPU
		{7355FD79-6EF1-483F-843E-85AFC6008C65}.Release|Any CPU.ActiveCfg = Release|Any CPU
		{7355FD79-6EF1-483F-843E-85AFC6008C65}.Release|Any CPU.Build.0 = Release|Any CPU
	EndGlobalSection
	GlobalSection(SolutionProperties) = preSolution
		HideSolutionNode = FALSE
	EndGlobalSection
	GlobalSection(ExtensibilityGlobals) = postSolution
		SolutionGuid = {BB447AA0-FFFA-4832-8B38-770050068FE4}
	EndGlobalSection
EndGlobal
